// !$*UTF8*$!
{
	archiveVersion = 1;
	classes = {
	};
	objectVersion = 56;
	objects = {

/* Begin PBXBuildFile section */
		352422FF2A2DB88F007D5D38 /* MyCreditManagerTests.swift in Sources */ = {isa = PBXBuildFile; fileRef = 352422FE2A2DB88F007D5D38 /* MyCreditManagerTests.swift */; };
		35EB3BD229FA82000022D921 /* main.swift in Sources */ = {isa = PBXBuildFile; fileRef = 35EB3BD129FA82000022D921 /* main.swift */; };
		35EB3BD929FB5BDB0022D921 /* Student.swift in Sources */ = {isa = PBXBuildFile; fileRef = 35EB3BD829FB5BDB0022D921 /* Student.swift */; };
		35EB3BDB29FB5C420022D921 /* Subject.swift in Sources */ = {isa = PBXBuildFile; fileRef = 35EB3BDA29FB5C420022D921 /* Subject.swift */; };
		35EB3BDD29FCDDA10022D921 /* StudentCreditManager.swift in Sources */ = {isa = PBXBuildFile; fileRef = 35EB3BDC29FCDDA10022D921 /* StudentCreditManager.swift */; };
		35EB3BDF29FCE38E0022D921 /* Error.swift in Sources */ = {isa = PBXBuildFile; fileRef = 35EB3BDE29FCE38E0022D921 /* Error.swift */; };
/* End PBXBuildFile section */

/* Begin PBXCopyFilesBuildPhase section */
		35EB3BCC29FA82000022D921 /* CopyFiles */ = {
			isa = PBXCopyFilesBuildPhase;
			buildActionMask = 2147483647;
			dstPath = /usr/share/man/man1/;
			dstSubfolderSpec = 0;
			files = (
			);
			runOnlyForDeploymentPostprocessing = 1;
		};
/* End PBXCopyFilesBuildPhase section */

/* Begin PBXFileReference section */
		352422FC2A2DB88F007D5D38 /* MyCreditManagerTests.xctest */ = {isa = PBXFileReference; explicitFileType = wrapper.cfbundle; includeInIndex = 0; path = MyCreditManagerTests.xctest; sourceTree = BUILT_PRODUCTS_DIR; };
		352422FE2A2DB88F007D5D38 /* MyCreditManagerTests.swift */ = {isa = PBXFileReference; lastKnownFileType = sourcecode.swift; path = MyCreditManagerTests.swift; sourceTree = "<group>"; };
		35EB3BCE29FA82000022D921 /* MyCreditManager */ = {isa = PBXFileReference; explicitFileType = "compiled.mach-o.executable"; includeInIndex = 0; path = MyCreditManager; sourceTree = BUILT_PRODUCTS_DIR; };
		35EB3BD129FA82000022D921 /* main.swift */ = {isa = PBXFileReference; lastKnownFileType = sourcecode.swift; path = main.swift; sourceTree = "<group>"; };
		35EB3BD829FB5BDB0022D921 /* Student.swift */ = {isa = PBXFileReference; lastKnownFileType = sourcecode.swift; path = Student.swift; sourceTree = "<group>"; };
		35EB3BDA29FB5C420022D921 /* Subject.swift */ = {isa = PBXFileReference; lastKnownFileType = sourcecode.swift; path = Subject.swift; sourceTree = "<group>"; };
		35EB3BDC29FCDDA10022D921 /* StudentCreditManager.swift */ = {isa = PBXFileReference; lastKnownFileType = sourcecode.swift; path = StudentCreditManager.swift; sourceTree = "<group>"; };
		35EB3BDE29FCE38E0022D921 /* Error.swift */ = {isa = PBXFileReference; lastKnownFileType = sourcecode.swift; path = Error.swift; sourceTree = "<group>"; };
/* End PBXFileReference section */

/* Begin PBXFrameworksBuildPhase section */
		352422F92A2DB88F007D5D38 /* Frameworks */ = {
			isa = PBXFrameworksBuildPhase;
			buildActionMask = 2147483647;
			files = (
			);
			runOnlyForDeploymentPostprocessing = 0;
		};
		35EB3BCB29FA82000022D921 /* Frameworks */ = {
			isa = PBXFrameworksBuildPhase;
			buildActionMask = 2147483647;
			files = (
			);
			runOnlyForDeploymentPostprocessing = 0;
		};
/* End PBXFrameworksBuildPhase section */

/* Begin PBXGroup section */
		352422FD2A2DB88F007D5D38 /* MyCreditManagerTests */ = {
			isa = PBXGroup;
			children = (
				352422FE2A2DB88F007D5D38 /* MyCreditManagerTests.swift */,
			);
			path = MyCreditManagerTests;
			sourceTree = "<group>";
		};
		35EB3BC529FA82000022D921 = {
			isa = PBXGroup;
			children = (
				35EB3BD029FA82000022D921 /* MyCreditManager */,
				352422FD2A2DB88F007D5D38 /* MyCreditManagerTests */,
				35EB3BCF29FA82000022D921 /* Products */,
			);
			sourceTree = "<group>";
		};
		35EB3BCF29FA82000022D921 /* Products */ = {
			isa = PBXGroup;
			children = (
				35EB3BCE29FA82000022D921 /* MyCreditManager */,
				352422FC2A2DB88F007D5D38 /* MyCreditManagerTests.xctest */,
			);
			name = Products;
			sourceTree = "<group>";
		};
		35EB3BD029FA82000022D921 /* MyCreditManager */ = {
			isa = PBXGroup;
			children = (
				35EB3BD129FA82000022D921 /* main.swift */,
				35EB3BDC29FCDDA10022D921 /* StudentCreditManager.swift */,
				35EB3BD829FB5BDB0022D921 /* Student.swift */,
				35EB3BDA29FB5C420022D921 /* Subject.swift */,
				35EB3BDE29FCE38E0022D921 /* Error.swift */,
			);
			path = MyCreditManager;
			sourceTree = "<group>";
		};
/* End PBXGroup section */

/* Begin PBXNativeTarget section */
		352422FB2A2DB88F007D5D38 /* MyCreditManagerTests */ = {
			isa = PBXNativeTarget;
			buildConfigurationList = 352423022A2DB88F007D5D38 /* Build configuration list for PBXNativeTarget "MyCreditManagerTests" */;
			buildPhases = (
				352422F82A2DB88F007D5D38 /* Sources */,
				352422F92A2DB88F007D5D38 /* Frameworks */,
				352422FA2A2DB88F007D5D38 /* Resources */,
			);
			buildRules = (
			);
			dependencies = (
			);
			name = MyCreditManagerTests;
			productName = MyCreditManagerTests;
			productReference = 352422FC2A2DB88F007D5D38 /* MyCreditManagerTests.xctest */;
			productType = "com.apple.product-type.bundle.unit-test";
		};
		35EB3BCD29FA82000022D921 /* MyCreditManager */ = {
			isa = PBXNativeTarget;
			buildConfigurationList = 35EB3BD529FA82000022D921 /* Build configuration list for PBXNativeTarget "MyCreditManager" */;
			buildPhases = (
				35EB3BCA29FA82000022D921 /* Sources */,
				35EB3BCB29FA82000022D921 /* Frameworks */,
				35EB3BCC29FA82000022D921 /* CopyFiles */,
			);
			buildRules = (
			);
			dependencies = (
			);
			name = MyCreditManager;
			productName = MyCreditManager;
			productReference = 35EB3BCE29FA82000022D921 /* MyCreditManager */;
			productType = "com.apple.product-type.tool";
		};
/* End PBXNativeTarget section */

/* Begin PBXProject section */
		35EB3BC629FA82000022D921 /* Project object */ = {
			isa = PBXProject;
			attributes = {
				BuildIndependentTargetsInParallel = 1;
				LastSwiftUpdateCheck = 1430;
				LastUpgradeCheck = 1430;
				TargetAttributes = {
					352422FB2A2DB88F007D5D38 = {
						CreatedOnToolsVersion = 14.3;
					};
					35EB3BCD29FA82000022D921 = {
						CreatedOnToolsVersion = 14.1;
					};
				};
			};
			buildConfigurationList = 35EB3BC929FA82000022D921 /* Build configuration list for PBXProject "MyCreditManager" */;
			compatibilityVersion = "Xcode 14.0";
			developmentRegion = en;
			hasScannedForEncodings = 0;
			knownRegions = (
				en,
				Base,
			);
			mainGroup = 35EB3BC529FA82000022D921;
			productRefGroup = 35EB3BCF29FA82000022D921 /* Products */;
			projectDirPath = "";
			projectRoot = "";
			targets = (
				35EB3BCD29FA82000022D921 /* MyCreditManager */,
				352422FB2A2DB88F007D5D38 /* MyCreditManagerTests */,
			);
		};
/* End PBXProject section */

/* Begin PBXResourcesBuildPhase section */
		352422FA2A2DB88F007D5D38 /* Resources */ = {
			isa = PBXResourcesBuildPhase;
			buildActionMask = 2147483647;
			files = (
			);
			runOnlyForDeploymentPostprocessing = 0;
		};
/* End PBXResourcesBuildPhase section */

/* Begin PBXSourcesBuildPhase section */
		352422F82A2DB88F007D5D38 /* Sources */ = {
			isa = PBXSourcesBuildPhase;
			buildActionMask = 2147483647;
			files = (
				352422FF2A2DB88F007D5D38 /* MyCreditManagerTests.swift in Sources */,
			);
			runOnlyForDeploymentPostprocessing = 0;
		};
		35EB3BCA29FA82000022D921 /* Sources */ = {
			isa = PBXSourcesBuildPhase;
			buildActionMask = 2147483647;
			files = (
				35EB3BD229FA82000022D921 /* main.swift in Sources */,
				35EB3BDB29FB5C420022D921 /* Subject.swift in Sources */,
				35EB3BDD29FCDDA10022D921 /* StudentCreditManager.swift in Sources */,
				35EB3BDF29FCE38E0022D921 /* Error.swift in Sources */,
				35EB3BD929FB5BDB0022D921 /* Student.swift in Sources */,
			);
			runOnlyForDeploymentPostprocessing = 0;
		};
/* End PBXSourcesBuildPhase section */

/* Begin XCBuildConfiguration section */
		352423002A2DB88F007D5D38 /* Debug */ = {
			isa = XCBuildConfiguration;
			buildSettings = {
				CODE_SIGN_STYLE = Automatic;
				CURRENT_PROJECT_VERSION = 1;
				DEAD_CODE_STRIPPING = YES;
				DEVELOPMENT_TEAM = 96H5TT55S4;
				GENERATE_INFOPLIST_FILE = YES;
				MARKETING_VERSION = 1.0;
				PRODUCT_BUNDLE_IDENTIFIER = peter.MyCreditManagerTests;
				PRODUCT_NAME = "$(TARGET_NAME)";
				SWIFT_EMIT_LOC_STRINGS = NO;
				SWIFT_VERSION = 5.0;
			};
			name = Debug;
		};
		352423012A2DB88F007D5D38 /* Release */ = {
			isa = XCBuildConfiguration;
			buildSettings = {
				CODE_SIGN_STYLE = Automatic;
				CURRENT_PROJECT_VERSION = 1;
				DEAD_CODE_STRIPPING = YES;
				DEVELOPMENT_TEAM = 96H5TT55S4;
				GENERATE_INFOPLIST_FILE = YES;
				MARKETING_VERSION = 1.0;
				PRODUCT_BUNDLE_IDENTIFIER = peter.MyCreditManagerTests;
				PRODUCT_NAME = "$(TARGET_NAME)";
				SWIFT_EMIT_LOC_STRINGS = NO;
				SWIFT_VERSION = 5.0;
			};
			name = Release;
		};
		35EB3BD329FA82000022D921 /* Debug */ = {
			isa = XCBuildConfiguration;
			buildSettings = {
				ALWAYS_SEARCH_USER_PATHS = NO;
				CLANG_ANALYZER_NONNULL = YES;
				CLANG_ANALYZER_NUMBER_OBJECT_CONVERSION = YES_AGGRESSIVE;
				CLANG_CXX_LANGUAGE_STANDARD = "gnu++20";
				CLANG_ENABLE_MODULES = YES;
				CLANG_ENABLE_OBJC_ARC = YES;
				CLANG_ENABLE_OBJC_WEAK = YES;
				CLANG_WARN_BLOCK_CAPTURE_AUTORELEASING = YES;
				CLANG_WARN_BOOL_CONVERSION = YES;
				CLANG_WARN_COMMA = YES;
				CLANG_WARN_CONSTANT_CONVERSION = YES;
				CLANG_WARN_DEPRECATED_OBJC_IMPLEMENTATIONS = YES;
				CLANG_WARN_DIRECT_OBJC_ISA_USAGE = YES_ERROR;
				CLANG_WARN_DOCUMENTATION_COMMENTS = YES;
				CLANG_WARN_EMPTY_BODY = YES;
				CLANG_WARN_ENUM_CONVERSION = YES;
				CLANG_WARN_INFINITE_RECURSION = YES;
				CLANG_WARN_INT_CONVERSION = YES;
				CLANG_WARN_NON_LITERAL_NULL_CONVERSION = YES;
				CLANG_WARN_OBJC_IMPLICIT_RETAIN_SELF = YES;
				CLANG_WARN_OBJC_LITERAL_CONVERSION = YES;
				CLANG_WARN_OBJC_ROOT_CLASS = YES_ERROR;
				CLANG_WARN_QUOTED_INCLUDE_IN_FRAMEWORK_HEADER = YES;
				CLANG_WARN_RANGE_LOOP_ANALYSIS = YES;
				CLANG_WARN_STRICT_PROTOTYPES = YES;
				CLANG_WARN_SUSPICIOUS_MOVE = YES;
				CLANG_WARN_UNGUARDED_AVAILABILITY = YES_AGGRESSIVE;
				CLANG_WARN_UNREACHABLE_CODE = YES;
				CLANG_WARN__DUPLICATE_METHOD_MATCH = YES;
				COPY_PHASE_STRIP = NO;
				DEAD_CODE_STRIPPING = YES;
				DEBUG_INFORMATION_FORMAT = dwarf;
				ENABLE_STRICT_OBJC_MSGSEND = YES;
				ENABLE_TESTABILITY = YES;
				GCC_C_LANGUAGE_STANDARD = gnu11;
				GCC_DYNAMIC_NO_PIC = NO;
				GCC_NO_COMMON_BLOCKS = YES;
				GCC_OPTIMIZATION_LEVEL = 0;
				GCC_PREPROCESSOR_DEFINITIONS = (
					"DEBUG=1",
					"$(inherited)",
				);
				GCC_WARN_64_TO_32_BIT_CONVERSION = YES;
				GCC_WARN_ABOUT_RETURN_TYPE = YES_ERROR;
				GCC_WARN_UNDECLARED_SELECTOR = YES;
				GCC_WARN_UNINITIALIZED_AUTOS = YES_AGGRESSIVE;
				GCC_WARN_UNUSED_FUNCTION = YES;
				GCC_WARN_UNUSED_VARIABLE = YES;
				MACOSX_DEPLOYMENT_TARGET = 13.0;
				MTL_ENABLE_DEBUG_INFO = INCLUDE_SOURCE;
				MTL_FAST_MATH = YES;
				ONLY_ACTIVE_ARCH = YES;
				SDKROOT = macosx;
				SWIFT_ACTIVE_COMPILATION_CONDITIONS = DEBUG;
				SWIFT_OPTIMIZATION_LEVEL = "-Onone";
			};
			name = Debug;
		};
		35EB3BD429FA82000022D921 /* Release */ = {
			isa = XCBuildConfiguration;
			buildSettings = {
				ALWAYS_SEARCH_USER_PATHS = NO;
				CLANG_ANALYZER_NONNULL = YES;
				CLANG_ANALYZER_NUMBER_OBJECT_CONVERSION = YES_AGGRESSIVE;
				CLANG_CXX_LANGUAGE_STANDARD = "gnu++20";
				CLANG_ENABLE_MODULES = YES;
				CLANG_ENABLE_OBJC_ARC = YES;
				CLANG_ENABLE_OBJC_WEAK = YES;
				CLANG_WARN_BLOCK_CAPTURE_AUTORELEASING = YES;
				CLANG_WARN_BOOL_CONVERSION = YES;
				CLANG_WARN_COMMA = YES;
				CLANG_WARN_CONSTANT_CONVERSION = YES;
				CLANG_WARN_DEPRECATED_OBJC_IMPLEMENTATIONS = YES;
				CLANG_WARN_DIRECT_OBJC_ISA_USAGE = YES_ERROR;
				CLANG_WARN_DOCUMENTATION_COMMENTS = YES;
				CLANG_WARN_EMPTY_BODY = YES;
				CLANG_WARN_ENUM_CONVERSION = YES;
				CLANG_WARN_INFINITE_RECURSION = YES;
				CLANG_WARN_INT_CONVERSION = YES;
				CLANG_WARN_NON_LITERAL_NULL_CONVERSION = YES;
				CLANG_WARN_OBJC_IMPLICIT_RETAIN_SELF = YES;
				CLANG_WARN_OBJC_LITERAL_CONVERSION = YES;
				CLANG_WARN_OBJC_ROOT_CLASS = YES_ERROR;
				CLANG_WARN_QUOTED_INCLUDE_IN_FRAMEWORK_HEADER = YES;
				CLANG_WARN_RANGE_LOOP_ANALYSIS = YES;
				CLANG_WARN_STRICT_PROTOTYPES = YES;
				CLANG_WARN_SUSPICIOUS_MOVE = YES;
				CLANG_WARN_UNGUARDED_AVAILABILITY = YES_AGGRESSIVE;
				CLANG_WARN_UNREACHABLE_CODE = YES;
				CLANG_WARN__DUPLICATE_METHOD_MATCH = YES;
				COPY_PHASE_STRIP = NO;
				DEAD_CODE_STRIPPING = YES;
				DEBUG_INFORMATION_FORMAT = "dwarf-with-dsym";
				ENABLE_NS_ASSERTIONS = NO;
				ENABLE_STRICT_OBJC_MSGSEND = YES;
				GCC_C_LANGUAGE_STANDARD = gnu11;
				GCC_NO_COMMON_BLOCKS = YES;
				GCC_WARN_64_TO_32_BIT_CONVERSION = YES;
				GCC_WARN_ABOUT_RETURN_TYPE = YES_ERROR;
				GCC_WARN_UNDECLARED_SELECTOR = YES;
				GCC_WARN_UNINITIALIZED_AUTOS = YES_AGGRESSIVE;
				GCC_WARN_UNUSED_FUNCTION = YES;
				GCC_WARN_UNUSED_VARIABLE = YES;
				MACOSX_DEPLOYMENT_TARGET = 13.0;
				MTL_ENABLE_DEBUG_INFO = NO;
				MTL_FAST_MATH = YES;
				SDKROOT = macosx;
				SWIFT_COMPILATION_MODE = wholemodule;
				SWIFT_OPTIMIZATION_LEVEL = "-O";
			};
			name = Release;
		};
		35EB3BD629FA82000022D921 /* Debug */ = {
			isa = XCBuildConfiguration;
			buildSettings = {
				CODE_SIGN_STYLE = Automatic;
				DEAD_CODE_STRIPPING = YES;
				DEVELOPMENT_TEAM = 96H5TT55S4;
				ENABLE_HARDENED_RUNTIME = YES;
				PRODUCT_NAME = "$(TARGET_NAME)";
				SWIFT_VERSION = 5.0;
			};
			name = Debug;
		};
		35EB3BD729FA82000022D921 /* Release */ = {
			isa = XCBuildConfiguration;
			buildSettings = {
				CODE_SIGN_STYLE = Automatic;
				DEAD_CODE_STRIPPING = YES;
				DEVELOPMENT_TEAM = 96H5TT55S4;
				ENABLE_HARDENED_RUNTIME = YES;
				PRODUCT_NAME = "$(TARGET_NAME)";
				SWIFT_VERSION = 5.0;
			};
			name = Release;
		};
/* End XCBuildConfiguration section */

/* Begin XCConfigurationList section */
		352423022A2DB88F007D5D38 /* Build configuration list for PBXNativeTarget "MyCreditManagerTests" */ = {
			isa = XCConfigurationList;
			buildConfigurations = (
				352423002A2DB88F007D5D38 /* Debug */,
				352423012A2DB88F007D5D38 /* Release */,
			);
			defaultConfigurationIsVisible = 0;
			defaultConfigurationName = Release;
		};
		35EB3BC929FA82000022D921 /* Build configuration list for PBXProject "MyCreditManager" */ = {
			isa = XCConfigurationList;
			buildConfigurations = (
				35EB3BD329FA82000022D921 /* Debug */,
				35EB3BD429FA82000022D921 /* Release */,
			);
			defaultConfigurationIsVisible = 0;
			defaultConfigurationName = Release;
		};
		35EB3BD529FA82000022D921 /* Build configuration list for PBXNativeTarget "MyCreditManager" */ = {
			isa = XCConfigurationList;
			buildConfigurations = (
				35EB3BD629FA82000022D921 /* Debug */,
				35EB3BD729FA82000022D921 /* Release */,
			);
			defaultConfigurationIsVisible = 0;
			defaultConfigurationName = Release;
		};
/* End XCConfigurationList section */
	};
	rootObject = 35EB3BC629FA82000022D921 /* Project object */;
}
